// !$*UTF8*$!
{
	archiveVersion = 1;
	classes = {
	};
	objectVersion = 56;
	objects = {

/* Begin PBXBuildFile section */
		9F756ED92927DBFD00867ED7 /* AppDelegate.swift in Sources */ = {isa = PBXBuildFile; fileRef = 9F756ED82927DBFD00867ED7 /* AppDelegate.swift */; };
		9F756EDB2927DBFD00867ED7 /* SceneDelegate.swift in Sources */ = {isa = PBXBuildFile; fileRef = 9F756EDA2927DBFD00867ED7 /* SceneDelegate.swift */; };
		9F756EDD2927DBFD00867ED7 /* ViewController.swift in Sources */ = {isa = PBXBuildFile; fileRef = 9F756EDC2927DBFD00867ED7 /* ViewController.swift */; };
		9F756EE02927DBFD00867ED7 /* Main.storyboard in Resources */ = {isa = PBXBuildFile; fileRef = 9F756EDE2927DBFD00867ED7 /* Main.storyboard */; };
		9F756EE22927DBFF00867ED7 /* Assets.xcassets in Resources */ = {isa = PBXBuildFile; fileRef = 9F756EE12927DBFF00867ED7 /* Assets.xcassets */; };
		9F756EE52927DBFF00867ED7 /* LaunchScreen.storyboard in Resources */ = {isa = PBXBuildFile; fileRef = 9F756EE32927DBFF00867ED7 /* LaunchScreen.storyboard */; };
		9F756EF02927DBFF00867ED7 /* FlagProjectTests.swift in Sources */ = {isa = PBXBuildFile; fileRef = 9F756EEF2927DBFF00867ED7 /* FlagProjectTests.swift */; };
		9F756EFA2927DBFF00867ED7 /* FlagProjectUITests.swift in Sources */ = {isa = PBXBuildFile; fileRef = 9F756EF92927DBFF00867ED7 /* FlagProjectUITests.swift */; };
		9F756EFC2927DBFF00867ED7 /* FlagProjectUITestsLaunchTests.swift in Sources */ = {isa = PBXBuildFile; fileRef = 9F756EFB2927DBFF00867ED7 /* FlagProjectUITestsLaunchTests.swift */; };
/* End PBXBuildFile section */

/* Begin PBXContainerItemProxy section */
		9F756EEC2927DBFF00867ED7 /* PBXContainerItemProxy */ = {
			isa = PBXContainerItemProxy;
			containerPortal = 9F756ECD2927DBFD00867ED7 /* Project object */;
			proxyType = 1;
			remoteGlobalIDString = 9F756ED42927DBFD00867ED7;
			remoteInfo = FlagProject;
		};
		9F756EF62927DBFF00867ED7 /* PBXContainerItemProxy */ = {
			isa = PBXContainerItemProxy;
			containerPortal = 9F756ECD2927DBFD00867ED7 /* Project object */;
			proxyType = 1;
			remoteGlobalIDString = 9F756ED42927DBFD00867ED7;
			remoteInfo = FlagProject;
		};
/* End PBXContainerItemProxy section */

/* Begin PBXFileReference section */
		9F756ED52927DBFD00867ED7 /* FlagProject.app */ = {isa = PBXFileReference; explicitFileType = wrapper.application; includeInIndex = 0; path = FlagProject.app; sourceTree = BUILT_PRODUCTS_DIR; };
		9F756ED82927DBFD00867ED7 /* AppDelegate.swift */ = {isa = PBXFileReference; lastKnownFileType = sourcecode.swift; path = AppDelegate.swift; sourceTree = "<group>"; };
		9F756EDA2927DBFD00867ED7 /* SceneDelegate.swift */ = {isa = PBXFileReference; lastKnownFileType = sourcecode.swift; path = SceneDelegate.swift; sourceTree = "<group>"; };
		9F756EDC2927DBFD00867ED7 /* ViewController.swift */ = {isa = PBXFileReference; lastKnownFileType = sourcecode.swift; path = ViewController.swift; sourceTree = "<group>"; };
		9F756EDF2927DBFD00867ED7 /* Base */ = {isa = PBXFileReference; lastKnownFileType = file.storyboard; name = Base; path = Base.lproj/Main.storyboard; sourceTree = "<group>"; };
		9F756EE12927DBFF00867ED7 /* Assets.xcassets */ = {isa = PBXFileReference; lastKnownFileType = folder.assetcatalog; path = Assets.xcassets; sourceTree = "<group>"; };
		9F756EE42927DBFF00867ED7 /* Base */ = {isa = PBXFileReference; lastKnownFileType = file.storyboard; name = Base; path = Base.lproj/LaunchScreen.storyboard; sourceTree = "<group>"; };
		9F756EE62927DBFF00867ED7 /* Info.plist */ = {isa = PBXFileReference; lastKnownFileType = text.plist.xml; path = Info.plist; sourceTree = "<group>"; };
		9F756EEB2927DBFF00867ED7 /* FlagProjectTests.xctest */ = {isa = PBXFileReference; explicitFileType = wrapper.cfbundle; includeInIndex = 0; path = FlagProjectTests.xctest; sourceTree = BUILT_PRODUCTS_DIR; };
		9F756EEF2927DBFF00867ED7 /* FlagProjectTests.swift */ = {isa = PBXFileReference; lastKnownFileType = sourcecode.swift; path = FlagProjectTests.swift; sourceTree = "<group>"; };
		9F756EF52927DBFF00867ED7 /* FlagProjectUITests.xctest */ = {isa = PBXFileReference; explicitFileType = wrapper.cfbundle; includeInIndex = 0; path = FlagProjectUITests.xctest; sourceTree = BUILT_PRODUCTS_DIR; };
		9F756EF92927DBFF00867ED7 /* FlagProjectUITests.swift */ = {isa = PBXFileReference; lastKnownFileType = sourcecode.swift; path = FlagProjectUITests.swift; sourceTree = "<group>"; };
		9F756EFB2927DBFF00867ED7 /* FlagProjectUITestsLaunchTests.swift */ = {isa = PBXFileReference; lastKnownFileType = sourcecode.swift; path = FlagProjectUITestsLaunchTests.swift; sourceTree = "<group>"; };
/* End PBXFileReference section */

/* Begin PBXFrameworksBuildPhase section */
		9F756ED22927DBFD00867ED7 /* Frameworks */ = {
			isa = PBXFrameworksBuildPhase;
			buildActionMask = 2147483647;
			files = (
			);
			runOnlyForDeploymentPostprocessing = 0;
		};
		9F756EE82927DBFF00867ED7 /* Frameworks */ = {
			isa = PBXFrameworksBuildPhase;
			buildActionMask = 2147483647;
			files = (
			);
			runOnlyForDeploymentPostprocessing = 0;
		};
		9F756EF22927DBFF00867ED7 /* Frameworks */ = {
			isa = PBXFrameworksBuildPhase;
			buildActionMask = 2147483647;
			files = (
			);
			runOnlyForDeploymentPostprocessing = 0;
		};
/* End PBXFrameworksBuildPhase section */

/* Begin PBXGroup section */
		9F756ECC2927DBFD00867ED7 = {
			isa = PBXGroup;
			children = (
				9F756ED72927DBFD00867ED7 /* FlagProject */,
				9F756EEE2927DBFF00867ED7 /* FlagProjectTests */,
				9F756EF82927DBFF00867ED7 /* FlagProjectUITests */,
				9F756ED62927DBFD00867ED7 /* Products */,
			);
			sourceTree = "<group>";
		};
		9F756ED62927DBFD00867ED7 /* Products */ = {
			isa = PBXGroup;
			children = (
				9F756ED52927DBFD00867ED7 /* FlagProject.app */,
				9F756EEB2927DBFF00867ED7 /* FlagProjectTests.xctest */,
				9F756EF52927DBFF00867ED7 /* FlagProjectUITests.xctest */,
			);
			name = Products;
			sourceTree = "<group>";
		};
		9F756ED72927DBFD00867ED7 /* FlagProject */ = {
			isa = PBXGroup;
			children = (
				9F756ED82927DBFD00867ED7 /* AppDelegate.swift */,
				9F756EDA2927DBFD00867ED7 /* SceneDelegate.swift */,
				9F756EDC2927DBFD00867ED7 /* ViewController.swift */,
				9F756EDE2927DBFD00867ED7 /* Main.storyboard */,
				9F756EE12927DBFF00867ED7 /* Assets.xcassets */,
				9F756EE32927DBFF00867ED7 /* LaunchScreen.storyboard */,
				9F756EE62927DBFF00867ED7 /* Info.plist */,
			);
			path = FlagProject;
			sourceTree = "<group>";
		};
		9F756EEE2927DBFF00867ED7 /* FlagProjectTests */ = {
			isa = PBXGroup;
			children = (
				9F756EEF2927DBFF00867ED7 /* FlagProjectTests.swift */,
			);
			path = FlagProjectTests;
			sourceTree = "<group>";
		};
		9F756EF82927DBFF00867ED7 /* FlagProjectUITests */ = {
			isa = PBXGroup;
			children = (
				9F756EF92927DBFF00867ED7 /* FlagProjectUITests.swift */,
				9F756EFB2927DBFF00867ED7 /* FlagProjectUITestsLaunchTests.swift */,
			);
			path = FlagProjectUITests;
			sourceTree = "<group>";
		};
/* End PBXGroup section */

/* Begin PBXNativeTarget section */
		9F756ED42927DBFD00867ED7 /* FlagProject */ = {
			isa = PBXNativeTarget;
			buildConfigurationList = 9F756EFF2927DBFF00867ED7 /* Build configuration list for PBXNativeTarget "FlagProject" */;
			buildPhases = (
				9F756ED12927DBFD00867ED7 /* Sources */,
				9F756ED22927DBFD00867ED7 /* Frameworks */,
				9F756ED32927DBFD00867ED7 /* Resources */,
			);
			buildRules = (
			);
			dependencies = (
			);
			name = FlagProject;
			productName = FlagProject;
			productReference = 9F756ED52927DBFD00867ED7 /* FlagProject.app */;
			productType = "com.apple.product-type.application";
		};
		9F756EEA2927DBFF00867ED7 /* FlagProjectTests */ = {
			isa = PBXNativeTarget;
			buildConfigurationList = 9F756F022927DBFF00867ED7 /* Build configuration list for PBXNativeTarget "FlagProjectTests" */;
			buildPhases = (
				9F756EE72927DBFF00867ED7 /* Sources */,
				9F756EE82927DBFF00867ED7 /* Frameworks */,
				9F756EE92927DBFF00867ED7 /* Resources */,
			);
			buildRules = (
			);
			dependencies = (
				9F756EED2927DBFF00867ED7 /* PBXTargetDependency */,
			);
			name = FlagProjectTests;
			productName = FlagProjectTests;
			productReference = 9F756EEB2927DBFF00867ED7 /* FlagProjectTests.xctest */;
			productType = "com.apple.product-type.bundle.unit-test";
		};
		9F756EF42927DBFF00867ED7 /* FlagProjectUITests */ = {
			isa = PBXNativeTarget;
			buildConfigurationList = 9F756F052927DBFF00867ED7 /* Build configuration list for PBXNativeTarget "FlagProjectUITests" */;
			buildPhases = (
				9F756EF12927DBFF00867ED7 /* Sources */,
				9F756EF22927DBFF00867ED7 /* Frameworks */,
				9F756EF32927DBFF00867ED7 /* Resources */,
			);
			buildRules = (
			);
			dependencies = (
				9F756EF72927DBFF00867ED7 /* PBXTargetDependency */,
			);
			name = FlagProjectUITests;
			productName = FlagProjectUITests;
			productReference = 9F756EF52927DBFF00867ED7 /* FlagProjectUITests.xctest */;
			productType = "com.apple.product-type.bundle.ui-testing";
		};
/* End PBXNativeTarget section */

/* Begin PBXProject section */
		9F756ECD2927DBFD00867ED7 /* Project object */ = {
			isa = PBXProject;
			attributes = {
				BuildIndependentTargetsInParallel = 1;
				LastSwiftUpdateCheck = 1410;
				LastUpgradeCheck = 1410;
				TargetAttributes = {
					9F756ED42927DBFD00867ED7 = {
						CreatedOnToolsVersion = 14.1;
					};
					9F756EEA2927DBFF00867ED7 = {
						CreatedOnToolsVersion = 14.1;
						TestTargetID = 9F756ED42927DBFD00867ED7;
					};
					9F756EF42927DBFF00867ED7 = {
						CreatedOnToolsVersion = 14.1;
						TestTargetID = 9F756ED42927DBFD00867ED7;
					};
				};
			};
			buildConfigurationList = 9F756ED02927DBFD00867ED7 /* Build configuration list for PBXProject "FlagProject" */;
			compatibilityVersion = "Xcode 14.0";
			developmentRegion = en;
			hasScannedForEncodings = 0;
			knownRegions = (
				en,
				Base,
			);
			mainGroup = 9F756ECC2927DBFD00867ED7;
			productRefGroup = 9F756ED62927DBFD00867ED7 /* Products */;
			projectDirPath = "";
			projectRoot = "";
			targets = (
				9F756ED42927DBFD00867ED7 /* FlagProject */,
				9F756EEA2927DBFF00867ED7 /* FlagProjectTests */,
				9F756EF42927DBFF00867ED7 /* FlagProjectUITests */,
			);
		};
/* End PBXProject section */

/* Begin PBXResourcesBuildPhase section */
		9F756ED32927DBFD00867ED7 /* Resources */ = {
			isa = PBXResourcesBuildPhase;
			buildActionMask = 2147483647;
			files = (
				9F756EE52927DBFF00867ED7 /* LaunchScreen.storyboard in Resources */,
				9F756EE22927DBFF00867ED7 /* Assets.xcassets in Resources */,
				9F756EE02927DBFD00867ED7 /* Main.storyboard in Resources */,
			);
			runOnlyForDeploymentPostprocessing = 0;
		};
		9F756EE92927DBFF00867ED7 /* Resources */ = {
			isa = PBXResourcesBuildPhase;
			buildActionMask = 2147483647;
			files = (
			);
			runOnlyForDeploymentPostprocessing = 0;
		};
		9F756EF32927DBFF00867ED7 /* Resources */ = {
			isa = PBXResourcesBuildPhase;
			buildActionMask = 2147483647;
			files = (
			);
			runOnlyForDeploymentPostprocessing = 0;
		};
/* End PBXResourcesBuildPhase section */

/* Begin PBXSourcesBuildPhase section */
		9F756ED12927DBFD00867ED7 /* Sources */ = {
			isa = PBXSourcesBuildPhase;
			buildActionMask = 2147483647;
			files = (
				9F756EDD2927DBFD00867ED7 /* ViewController.swift in Sources */,
				9F756ED92927DBFD00867ED7 /* AppDelegate.swift in Sources */,
				9F756EDB2927DBFD00867ED7 /* SceneDelegate.swift in Sources */,
			);
			runOnlyForDeploymentPostprocessing = 0;
		};
		9F756EE72927DBFF00867ED7 /* Sources */ = {
			isa = PBXSourcesBuildPhase;
			buildActionMask = 2147483647;
			files = (
				9F756EF02927DBFF00867ED7 /* FlagProjectTests.swift in Sources */,
			);
			runOnlyForDeploymentPostprocessing = 0;
		};
		9F756EF12927DBFF00867ED7 /* Sources */ = {
			isa = PBXSourcesBuildPhase;
			buildActionMask = 2147483647;
			files = (
				9F756EFC2927DBFF00867ED7 /* FlagProjectUITestsLaunchTests.swift in Sources */,
				9F756EFA2927DBFF00867ED7 /* FlagProjectUITests.swift in Sources */,
			);
			runOnlyForDeploymentPostprocessing = 0;
		};
/* End PBXSourcesBuildPhase section */

/* Begin PBXTargetDependency section */
		9F756EED2927DBFF00867ED7 /* PBXTargetDependency */ = {
			isa = PBXTargetDependency;
			target = 9F756ED42927DBFD00867ED7 /* FlagProject */;
			targetProxy = 9F756EEC2927DBFF00867ED7 /* PBXContainerItemProxy */;
		};
		9F756EF72927DBFF00867ED7 /* PBXTargetDependency */ = {
			isa = PBXTargetDependency;
			target = 9F756ED42927DBFD00867ED7 /* FlagProject */;
			targetProxy = 9F756EF62927DBFF00867ED7 /* PBXContainerItemProxy */;
		};
/* End PBXTargetDependency section */

/* Begin PBXVariantGroup section */
		9F756EDE2927DBFD00867ED7 /* Main.storyboard */ = {
			isa = PBXVariantGroup;
			children = (
				9F756EDF2927DBFD00867ED7 /* Base */,
			);
			name = Main.storyboard;
			sourceTree = "<group>";
		};
		9F756EE32927DBFF00867ED7 /* LaunchScreen.storyboard */ = {
			isa = PBXVariantGroup;
			children = (
				9F756EE42927DBFF00867ED7 /* Base */,
			);
			name = LaunchScreen.storyboard;
			sourceTree = "<group>";
		};
/* End PBXVariantGroup section */

/* Begin XCBuildConfiguration section */
		9F756EFD2927DBFF00867ED7 /* Debug */ = {
			isa = XCBuildConfiguration;
			buildSettings = {
				ALWAYS_SEARCH_USER_PATHS = NO;
				CLANG_ANALYZER_NONNULL = YES;
				CLANG_ANALYZER_NUMBER_OBJECT_CONVERSION = YES_AGGRESSIVE;
				CLANG_CXX_LANGUAGE_STANDARD = "gnu++20";
				CLANG_ENABLE_MODULES = YES;
				CLANG_ENABLE_OBJC_ARC = YES;
				CLANG_ENABLE_OBJC_WEAK = YES;
				CLANG_WARN_BLOCK_CAPTURE_AUTORELEASING = YES;
				CLANG_WARN_BOOL_CONVERSION = YES;
				CLANG_WARN_COMMA = YES;
				CLANG_WARN_CONSTANT_CONVERSION = YES;
				CLANG_WARN_DEPRECATED_OBJC_IMPLEMENTATIONS = YES;
				CLANG_WARN_DIRECT_OBJC_ISA_USAGE = YES_ERROR;
				CLANG_WARN_DOCUMENTATION_COMMENTS = YES;
				CLANG_WARN_EMPTY_BODY = YES;
				CLANG_WARN_ENUM_CONVERSION = YES;
				CLANG_WARN_INFINITE_RECURSION = YES;
				CLANG_WARN_INT_CONVERSION = YES;
				CLANG_WARN_NON_LITERAL_NULL_CONVERSION = YES;
				CLANG_WARN_OBJC_IMPLICIT_RETAIN_SELF = YES;
				CLANG_WARN_OBJC_LITERAL_CONVERSION = YES;
				CLANG_WARN_OBJC_ROOT_CLASS = YES_ERROR;
				CLANG_WARN_QUOTED_INCLUDE_IN_FRAMEWORK_HEADER = YES;
				CLANG_WARN_RANGE_LOOP_ANALYSIS = YES;
				CLANG_WARN_STRICT_PROTOTYPES = YES;
				CLANG_WARN_SUSPICIOUS_MOVE = YES;
				CLANG_WARN_UNGUARDED_AVAILABILITY = YES_AGGRESSIVE;
				CLANG_WARN_UNREACHABLE_CODE = YES;
				CLANG_WARN__DUPLICATE_METHOD_MATCH = YES;
				COPY_PHASE_STRIP = NO;
				DEBUG_INFORMATION_FORMAT = dwarf;
				ENABLE_STRICT_OBJC_MSGSEND = YES;
				ENABLE_TESTABILITY = YES;
				GCC_C_LANGUAGE_STANDARD = gnu11;
				GCC_DYNAMIC_NO_PIC = NO;
				GCC_NO_COMMON_BLOCKS = YES;
				GCC_OPTIMIZATION_LEVEL = 0;
				GCC_PREPROCESSOR_DEFINITIONS = (
					"DEBUG=1",
					"$(inherited)",
				);
				GCC_WARN_64_TO_32_BIT_CONVERSION = YES;
				GCC_WARN_ABOUT_RETURN_TYPE = YES_ERROR;
				GCC_WARN_UNDECLARED_SELECTOR = YES;
				GCC_WARN_UNINITIALIZED_AUTOS = YES_AGGRESSIVE;
				GCC_WARN_UNUSED_FUNCTION = YES;
				GCC_WARN_UNUSED_VARIABLE = YES;
				IPHONEOS_DEPLOYMENT_TARGET = 16.1;
				MTL_ENABLE_DEBUG_INFO = INCLUDE_SOURCE;
				MTL_FAST_MATH = YES;
				ONLY_ACTIVE_ARCH = YES;
				SDKROOT = iphoneos;
				SWIFT_ACTIVE_COMPILATION_CONDITIONS = DEBUG;
				SWIFT_OPTIMIZATION_LEVEL = "-Onone";
			};
			name = Debug;
		};
		9F756EFE2927DBFF00867ED7 /* Release */ = {
			isa = XCBuildConfiguration;
			buildSettings = {
				ALWAYS_SEARCH_USER_PATHS = NO;
				CLANG_ANALYZER_NONNULL = YES;
				CLANG_ANALYZER_NUMBER_OBJECT_CONVERSION = YES_AGGRESSIVE;
				CLANG_CXX_LANGUAGE_STANDARD = "gnu++20";
				CLANG_ENABLE_MODULES = YES;
				CLANG_ENABLE_OBJC_ARC = YES;
				CLANG_ENABLE_OBJC_WEAK = YES;
				CLANG_WARN_BLOCK_CAPTURE_AUTORELEASING = YES;
				CLANG_WARN_BOOL_CONVERSION = YES;
				CLANG_WARN_COMMA = YES;
				CLANG_WARN_CONSTANT_CONVERSION = YES;
				CLANG_WARN_DEPRECATED_OBJC_IMPLEMENTATIONS = YES;
				CLANG_WARN_DIRECT_OBJC_ISA_USAGE = YES_ERROR;
				CLANG_WARN_DOCUMENTATION_COMMENTS = YES;
				CLANG_WARN_EMPTY_BODY = YES;
				CLANG_WARN_ENUM_CONVERSION = YES;
				CLANG_WARN_INFINITE_RECURSION = YES;
				CLANG_WARN_INT_CONVERSION = YES;
				CLANG_WARN_NON_LITERAL_NULL_CONVERSION = YES;
				CLANG_WARN_OBJC_IMPLICIT_RETAIN_SELF = YES;
				CLANG_WARN_OBJC_LITERAL_CONVERSION = YES;
				CLANG_WARN_OBJC_ROOT_CLASS = YES_ERROR;
				CLANG_WARN_QUOTED_INCLUDE_IN_FRAMEWORK_HEADER = YES;
				CLANG_WARN_RANGE_LOOP_ANALYSIS = YES;
				CLANG_WARN_STRICT_PROTOTYPES = YES;
				CLANG_WARN_SUSPICIOUS_MOVE = YES;
				CLANG_WARN_UNGUARDED_AVAILABILITY = YES_AGGRESSIVE;
				CLANG_WARN_UNREACHABLE_CODE = YES;
				CLANG_WARN__DUPLICATE_METHOD_MATCH = YES;
				COPY_PHASE_STRIP = NO;
				DEBUG_INFORMATION_FORMAT = "dwarf-with-dsym";
				ENABLE_NS_ASSERTIONS = NO;
				ENABLE_STRICT_OBJC_MSGSEND = YES;
				GCC_C_LANGUAGE_STANDARD = gnu11;
				GCC_NO_COMMON_BLOCKS = YES;
				GCC_WARN_64_TO_32_BIT_CONVERSION = YES;
				GCC_WARN_ABOUT_RETURN_TYPE = YES_ERROR;
				GCC_WARN_UNDECLARED_SELECTOR = YES;
				GCC_WARN_UNINITIALIZED_AUTOS = YES_AGGRESSIVE;
				GCC_WARN_UNUSED_FUNCTION = YES;
				GCC_WARN_UNUSED_VARIABLE = YES;
				IPHONEOS_DEPLOYMENT_TARGET = 16.1;
				MTL_ENABLE_DEBUG_INFO = NO;
				MTL_FAST_MATH = YES;
				SDKROOT = iphoneos;
				SWIFT_COMPILATION_MODE = wholemodule;
				SWIFT_OPTIMIZATION_LEVEL = "-O";
				VALIDATE_PRODUCT = YES;
			};
			name = Release;
		};
		9F756F002927DBFF00867ED7 /* Debug */ = {
			isa = XCBuildConfiguration;
			buildSettings = {
				ASSETCATALOG_COMPILER_APPICON_NAME = AppIcon;
				ASSETCATALOG_COMPILER_GLOBAL_ACCENT_COLOR_NAME = AccentColor;
				CODE_SIGN_STYLE = Automatic;
				CURRENT_PROJECT_VERSION = 1;
				GENERATE_INFOPLIST_FILE = YES;
				INFOPLIST_FILE = FlagProject/Info.plist;
				INFOPLIST_KEY_UIApplicationSupportsIndirectInputEvents = YES;
				INFOPLIST_KEY_UILaunchStoryboardName = LaunchScreen;
				INFOPLIST_KEY_UIMainStoryboardFile = Main;
				INFOPLIST_KEY_UISupportedInterfaceOrientations_iPad = "UIInterfaceOrientationPortrait UIInterfaceOrientationPortraitUpsideDown UIInterfaceOrientationLandscapeLeft UIInterfaceOrientationLandscapeRight";
				INFOPLIST_KEY_UISupportedInterfaceOrientations_iPhone = "UIInterfaceOrientationPortrait UIInterfaceOrientationLandscapeLeft UIInterfaceOrientationLandscapeRight";
				LD_RUNPATH_SEARCH_PATHS = (
					"$(inherited)",
					"@executable_path/Frameworks",
				);
				MARKETING_VERSION = 1.0;
				PRODUCT_BUNDLE_IDENTIFIER = self.FlagProject;
				PRODUCT_NAME = "$(TARGET_NAME)";
				SWIFT_EMIT_LOC_STRINGS = YES;
				SWIFT_VERSION = 5.0;
				TARGETED_DEVICE_FAMILY = "1,2";
			};
			name = Debug;
		};
		9F756F012927DBFF00867ED7 /* Release */ = {
			isa = XCBuildConfiguration;
			buildSettings = {
				ASSETCATALOG_COMPILER_APPICON_NAME = AppIcon;
				ASSETCATALOG_COMPILER_GLOBAL_ACCENT_COLOR_NAME = AccentColor;
				CODE_SIGN_STYLE = Automatic;
				CURRENT_PROJECT_VERSION = 1;
				GENERATE_INFOPLIST_FILE = YES;
				INFOPLIST_FILE = FlagProject/Info.plist;
				INFOPLIST_KEY_UIApplicationSupportsIndirectInputEvents = YES;
				INFOPLIST_KEY_UILaunchStoryboardName = LaunchScreen;
				INFOPLIST_KEY_UIMainStoryboardFile = Main;
				INFOPLIST_KEY_UISupportedInterfaceOrientations_iPad = "UIInterfaceOrientationPortrait UIInterfaceOrientationPortraitUpsideDown UIInterfaceOrientationLandscapeLeft UIInterfaceOrientationLandscapeRight";
				INFOPLIST_KEY_UISupportedInterfaceOrientations_iPhone = "UIInterfaceOrientationPortrait UIInterfaceOrientationLandscapeLeft UIInterfaceOrientationLandscapeRight";
				LD_RUNPATH_SEARCH_PATHS = (
					"$(inherited)",
					"@executable_path/Frameworks",
				);
				MARKETING_VERSION = 1.0;
				PRODUCT_BUNDLE_IDENTIFIER = self.FlagProject;
				PRODUCT_NAME = "$(TARGET_NAME)";
				SWIFT_EMIT_LOC_STRINGS = YES;
				SWIFT_VERSION = 5.0;
				TARGETED_DEVICE_FAMILY = "1,2";
			};
			name = Release;
		};
		9F756F032927DBFF00867ED7 /* Debug */ = {
			isa = XCBuildConfiguration;
			buildSettings = {
				ALWAYS_EMBED_SWIFT_STANDARD_LIBRARIES = YES;
				BUNDLE_LOADER = "$(TEST_HOST)";
				CODE_SIGN_STYLE = Automatic;
				CURRENT_PROJECT_VERSION = 1;
				GENERATE_INFOPLIST_FILE = YES;
				IPHONEOS_DEPLOYMENT_TARGET = 16.1;
				MARKETING_VERSION = 1.0;
				PRODUCT_BUNDLE_IDENTIFIER = self.FlagProjectTests;
				PRODUCT_NAME = "$(TARGET_NAME)";
				SWIFT_EMIT_LOC_STRINGS = NO;
				SWIFT_VERSION = 5.0;
				TARGETED_DEVICE_FAMILY = "1,2";
				TEST_HOST = "$(BUILT_PRODUCTS_DIR)/FlagProject.app/$(BUNDLE_EXECUTABLE_FOLDER_PATH)/FlagProject";
			};
			name = Debug;
		};
		9F756F042927DBFF00867ED7 /* Release */ = {
			isa = XCBuildConfiguration;
			buildSettings = {
				ALWAYS_EMBED_SWIFT_STANDARD_LIBRARIES = YES;
				BUNDLE_LOADER = "$(TEST_HOST)";
				CODE_SIGN_STYLE = Automatic;
				CURRENT_PROJECT_VERSION = 1;
				GENERATE_INFOPLIST_FILE = YES;
				IPHONEOS_DEPLOYMENT_TARGET = 16.1;
				MARKETING_VERSION = 1.0;
				PRODUCT_BUNDLE_IDENTIFIER = self.FlagProjectTests;
				PRODUCT_NAME = "$(TARGET_NAME)";
				SWIFT_EMIT_LOC_STRINGS = NO;
				SWIFT_VERSION = 5.0;
				TARGETED_DEVICE_FAMILY = "1,2";
				TEST_HOST = "$(BUILT_PRODUCTS_DIR)/FlagProject.app/$(BUNDLE_EXECUTABLE_FOLDER_PATH)/FlagProject";
			};
			name = Release;
		};
		9F756F062927DBFF00867ED7 /* Debug */ = {
			isa = XCBuildConfiguration;
			buildSettings = {
				ALWAYS_EMBED_SWIFT_STANDARD_LIBRARIES = YES;
				CODE_SIGN_STYLE = Automatic;
				CURRENT_PROJECT_VERSION = 1;
				GENERATE_INFOPLIST_FILE = YES;
				MARKETING_VERSION = 1.0;
				PRODUCT_BUNDLE_IDENTIFIER = self.FlagProjectUITests;
				PRODUCT_NAME = "$(TARGET_NAME)";
				SWIFT_EMIT_LOC_STRINGS = NO;
				SWIFT_VERSION = 5.0;
				TARGETED_DEVICE_FAMILY = "1,2";
				TEST_TARGET_NAME = FlagProject;
			};
			name = Debug;
		};
		9F756F072927DBFF00867ED7 /* Release */ = {
			isa = XCBuildConfiguration;
			buildSettings = {
				ALWAYS_EMBED_SWIFT_STANDARD_LIBRARIES = YES;
				CODE_SIGN_STYLE = Automatic;
				CURRENT_PROJECT_VERSION = 1;
				GENERATE_INFOPLIST_FILE = YES;
				MARKETING_VERSION = 1.0;
				PRODUCT_BUNDLE_IDENTIFIER = self.FlagProjectUITests;
				PRODUCT_NAME = "$(TARGET_NAME)";
				SWIFT_EMIT_LOC_STRINGS = NO;
				SWIFT_VERSION = 5.0;
				TARGETED_DEVICE_FAMILY = "1,2";
				TEST_TARGET_NAME = FlagProject;
			};
			name = Release;
		};
/* End XCBuildConfiguration section */

/* Begin XCConfigurationList section */
		9F756ED02927DBFD00867ED7 /* Build configuration list for PBXProject "FlagProject" */ = {
			isa = XCConfigurationList;
			buildConfigurations = (
				9F756EFD2927DBFF00867ED7 /* Debug */,
				9F756EFE2927DBFF00867ED7 /* Release */,
			);
			defaultConfigurationIsVisible = 0;
			defaultConfigurationName = Release;
		};
		9F756EFF2927DBFF00867ED7 /* Build configuration list for PBXNativeTarget "FlagProject" */ = {
			isa = XCConfigurationList;
			buildConfigurations = (
				9F756F002927DBFF00867ED7 /* Debug */,
				9F756F012927DBFF00867ED7 /* Release */,
			);
			defaultConfigurationIsVisible = 0;
			defaultConfigurationName = Release;
		};
		9F756F022927DBFF00867ED7 /* Build configuration list for PBXNativeTarget "FlagProjectTests" */ = {
			isa = XCConfigurationList;
			buildConfigurations = (
				9F756F032927DBFF00867ED7 /* Debug */,
				9F756F042927DBFF00867ED7 /* Release */,
			);
			defaultConfigurationIsVisible = 0;
			defaultConfigurationName = Release;
		};
		9F756F052927DBFF00867ED7 /* Build configuration list for PBXNativeTarget "FlagProjectUITests" */ = {
			isa = XCConfigurationList;
			buildConfigurations = (
				9F756F062927DBFF00867ED7 /* Debug */,
				9F756F072927DBFF00867ED7 /* Release */,
			);
			defaultConfigurationIsVisible = 0;
			defaultConfigurationName = Release;
		};
/* End XCConfigurationList section */
	};
	rootObject = 9F756ECD2927DBFD00867ED7 /* Project object */;
}
