// !$*UTF8*$!
{
	archiveVersion = 1;
	classes = {
	};
	objectVersion = 56;
	objects = {

/* Begin PBXBuildFile section */
		9F387E1C2953639C00614B55 /* CircleImage.swift in Sources */ = {isa = PBXBuildFile; fileRef = 9F387E1B2953639C00614B55 /* CircleImage.swift */; };
		9F387E1E295364C300614B55 /* MapView.swift in Sources */ = {isa = PBXBuildFile; fileRef = 9F387E1D295364C300614B55 /* MapView.swift */; };
		9F387E20295369BC00614B55 /* landmarkData.json in Resources */ = {isa = PBXBuildFile; fileRef = 9F387E1F295369BC00614B55 /* landmarkData.json */; };
		9F387E2229536A9100614B55 /* Landmark.swift in Sources */ = {isa = PBXBuildFile; fileRef = 9F387E2129536A9100614B55 /* Landmark.swift */; };
		9F387E2429536DB800614B55 /* ModelData.swift in Sources */ = {isa = PBXBuildFile; fileRef = 9F387E2329536DB800614B55 /* ModelData.swift */; };
		9F387E28295371D200614B55 /* LandmarkRow.swift in Sources */ = {isa = PBXBuildFile; fileRef = 9F387E27295371D200614B55 /* LandmarkRow.swift */; };
		9F7FAD5D29535CAB00CB1C7B /* landmarksApp.swift in Sources */ = {isa = PBXBuildFile; fileRef = 9F7FAD5C29535CAB00CB1C7B /* landmarksApp.swift */; };
		9F7FAD5F29535CAB00CB1C7B /* ContentView.swift in Sources */ = {isa = PBXBuildFile; fileRef = 9F7FAD5E29535CAB00CB1C7B /* ContentView.swift */; };
		9F7FAD6129535CAC00CB1C7B /* Assets.xcassets in Resources */ = {isa = PBXBuildFile; fileRef = 9F7FAD6029535CAC00CB1C7B /* Assets.xcassets */; };
		9F7FAD6429535CAC00CB1C7B /* Preview Assets.xcassets in Resources */ = {isa = PBXBuildFile; fileRef = 9F7FAD6329535CAC00CB1C7B /* Preview Assets.xcassets */; };
		9F7FAD6629535CAC00CB1C7B /* Persistence.swift in Sources */ = {isa = PBXBuildFile; fileRef = 9F7FAD6529535CAC00CB1C7B /* Persistence.swift */; };
		9F7FAD6929535CAC00CB1C7B /* landmarks.xcdatamodeld in Sources */ = {isa = PBXBuildFile; fileRef = 9F7FAD6729535CAC00CB1C7B /* landmarks.xcdatamodeld */; };
/* End PBXBuildFile section */

/* Begin PBXFileReference section */
		9F387E1B2953639C00614B55 /* CircleImage.swift */ = {isa = PBXFileReference; lastKnownFileType = sourcecode.swift; path = CircleImage.swift; sourceTree = "<group>"; };
		9F387E1D295364C300614B55 /* MapView.swift */ = {isa = PBXFileReference; lastKnownFileType = sourcecode.swift; path = MapView.swift; sourceTree = "<group>"; };
		9F387E1F295369BC00614B55 /* landmarkData.json */ = {isa = PBXFileReference; fileEncoding = 4; lastKnownFileType = text.json; path = landmarkData.json; sourceTree = "<group>"; };
		9F387E2129536A9100614B55 /* Landmark.swift */ = {isa = PBXFileReference; lastKnownFileType = sourcecode.swift; path = Landmark.swift; sourceTree = "<group>"; };
		9F387E2329536DB800614B55 /* ModelData.swift */ = {isa = PBXFileReference; lastKnownFileType = sourcecode.swift; path = ModelData.swift; sourceTree = "<group>"; };
		9F387E27295371D200614B55 /* LandmarkRow.swift */ = {isa = PBXFileReference; lastKnownFileType = sourcecode.swift; path = LandmarkRow.swift; sourceTree = "<group>"; };
		9F7FAD5929535CAB00CB1C7B /* landmarks.app */ = {isa = PBXFileReference; explicitFileType = wrapper.application; includeInIndex = 0; path = landmarks.app; sourceTree = BUILT_PRODUCTS_DIR; };
		9F7FAD5C29535CAB00CB1C7B /* landmarksApp.swift */ = {isa = PBXFileReference; lastKnownFileType = sourcecode.swift; path = landmarksApp.swift; sourceTree = "<group>"; };
		9F7FAD5E29535CAB00CB1C7B /* ContentView.swift */ = {isa = PBXFileReference; lastKnownFileType = sourcecode.swift; path = ContentView.swift; sourceTree = "<group>"; };
		9F7FAD6029535CAC00CB1C7B /* Assets.xcassets */ = {isa = PBXFileReference; lastKnownFileType = folder.assetcatalog; path = Assets.xcassets; sourceTree = "<group>"; };
		9F7FAD6329535CAC00CB1C7B /* Preview Assets.xcassets */ = {isa = PBXFileReference; lastKnownFileType = folder.assetcatalog; path = "Preview Assets.xcassets"; sourceTree = "<group>"; };
		9F7FAD6529535CAC00CB1C7B /* Persistence.swift */ = {isa = PBXFileReference; lastKnownFileType = sourcecode.swift; path = Persistence.swift; sourceTree = "<group>"; };
		9F7FAD6829535CAC00CB1C7B /* landmarks.xcdatamodel */ = {isa = PBXFileReference; lastKnownFileType = wrapper.xcdatamodel; path = landmarks.xcdatamodel; sourceTree = "<group>"; };
/* End PBXFileReference section */

/* Begin PBXFrameworksBuildPhase section */
		9F7FAD5629535CAB00CB1C7B /* Frameworks */ = {
			isa = PBXFrameworksBuildPhase;
			buildActionMask = 2147483647;
			files = (
			);
			runOnlyForDeploymentPostprocessing = 0;
		};
/* End PBXFrameworksBuildPhase section */

/* Begin PBXGroup section */
		9F387E252953717000614B55 /* Views */ = {
			isa = PBXGroup;
			children = (
				9F7FAD5E29535CAB00CB1C7B /* ContentView.swift */,
				9F387E1D295364C300614B55 /* MapView.swift */,
				9F387E1B2953639C00614B55 /* CircleImage.swift */,
				9F387E27295371D200614B55 /* LandmarkRow.swift */,
			);
			path = Views;
			sourceTree = "<group>";
		};
		9F387E262953719400614B55 /* Models */ = {
			isa = PBXGroup;
			children = (
				9F387E2329536DB800614B55 /* ModelData.swift */,
				9F387E2129536A9100614B55 /* Landmark.swift */,
			);
			path = Models;
			sourceTree = "<group>";
		};
		9F7FAD5029535CAB00CB1C7B = {
			isa = PBXGroup;
			children = (
				9F7FAD5B29535CAB00CB1C7B /* landmarks */,
				9F7FAD5A29535CAB00CB1C7B /* Products */,
			);
			sourceTree = "<group>";
		};
		9F7FAD5A29535CAB00CB1C7B /* Products */ = {
			isa = PBXGroup;
			children = (
				9F7FAD5929535CAB00CB1C7B /* landmarks.app */,
			);
			name = Products;
			sourceTree = "<group>";
		};
		9F7FAD5B29535CAB00CB1C7B /* landmarks */ = {
			isa = PBXGroup;
			children = (
				9F7FAD5C29535CAB00CB1C7B /* landmarksApp.swift */,
				9F387E252953717000614B55 /* Views */,
				9F7FAD6029535CAC00CB1C7B /* Assets.xcassets */,
				9F7FAD6529535CAC00CB1C7B /* Persistence.swift */,
				9F7FAD6729535CAC00CB1C7B /* landmarks.xcdatamodeld */,
				9F387E262953719400614B55 /* Models */,
				9F7FAD6229535CAC00CB1C7B /* Preview Content */,
			);
			path = landmarks;
			sourceTree = "<group>";
		};
		9F7FAD6229535CAC00CB1C7B /* Preview Content */ = {
			isa = PBXGroup;
			children = (
				9F387E1F295369BC00614B55 /* landmarkData.json */,
				9F7FAD6329535CAC00CB1C7B /* Preview Assets.xcassets */,
			);
			path = "Preview Content";
			sourceTree = "<group>";
		};
/* End PBXGroup section */

/* Begin PBXNativeTarget section */
		9F7FAD5829535CAB00CB1C7B /* landmarks */ = {
			isa = PBXNativeTarget;
			buildConfigurationList = 9F7FAD6C29535CAC00CB1C7B /* Build configuration list for PBXNativeTarget "landmarks" */;
			buildPhases = (
				9F7FAD5529535CAB00CB1C7B /* Sources */,
				9F7FAD5629535CAB00CB1C7B /* Frameworks */,
				9F7FAD5729535CAB00CB1C7B /* Resources */,
			);
			buildRules = (
			);
			dependencies = (
			);
			name = landmarks;
			productName = landmarks;
			productReference = 9F7FAD5929535CAB00CB1C7B /* landmarks.app */;
			productType = "com.apple.product-type.application";
		};
/* End PBXNativeTarget section */

/* Begin PBXProject section */
		9F7FAD5129535CAB00CB1C7B /* Project object */ = {
			isa = PBXProject;
			attributes = {
				BuildIndependentTargetsInParallel = 1;
				LastSwiftUpdateCheck = 1400;
				LastUpgradeCheck = 1400;
				TargetAttributes = {
					9F7FAD5829535CAB00CB1C7B = {
						CreatedOnToolsVersion = 14.0.1;
					};
				};
			};
			buildConfigurationList = 9F7FAD5429535CAB00CB1C7B /* Build configuration list for PBXProject "landmarks" */;
			compatibilityVersion = "Xcode 14.0";
			developmentRegion = en;
			hasScannedForEncodings = 0;
			knownRegions = (
				en,
				Base,
			);
			mainGroup = 9F7FAD5029535CAB00CB1C7B;
			productRefGroup = 9F7FAD5A29535CAB00CB1C7B /* Products */;
			projectDirPath = "";
			projectRoot = "";
			targets = (
				9F7FAD5829535CAB00CB1C7B /* landmarks */,
			);
		};
/* End PBXProject section */

/* Begin PBXResourcesBuildPhase section */
		9F7FAD5729535CAB00CB1C7B /* Resources */ = {
			isa = PBXResourcesBuildPhase;
			buildActionMask = 2147483647;
			files = (
				9F7FAD6429535CAC00CB1C7B /* Preview Assets.xcassets in Resources */,
				9F7FAD6129535CAC00CB1C7B /* Assets.xcassets in Resources */,
				9F387E20295369BC00614B55 /* landmarkData.json in Resources */,
			);
			runOnlyForDeploymentPostprocessing = 0;
		};
/* End PBXResourcesBuildPhase section */

/* Begin PBXSourcesBuildPhase section */
		9F7FAD5529535CAB00CB1C7B /* Sources */ = {
			isa = PBXSourcesBuildPhase;
			buildActionMask = 2147483647;
			files = (
				9F387E2229536A9100614B55 /* Landmark.swift in Sources */,
				9F7FAD6629535CAC00CB1C7B /* Persistence.swift in Sources */,
				9F387E1E295364C300614B55 /* MapView.swift in Sources */,
				9F7FAD5F29535CAB00CB1C7B /* ContentView.swift in Sources */,
				9F7FAD5D29535CAB00CB1C7B /* landmarksApp.swift in Sources */,
				9F387E2429536DB800614B55 /* ModelData.swift in Sources */,
				9F7FAD6929535CAC00CB1C7B /* landmarks.xcdatamodeld in Sources */,
				9F387E1C2953639C00614B55 /* CircleImage.swift in Sources */,
				9F387E28295371D200614B55 /* LandmarkRow.swift in Sources */,
			);
			runOnlyForDeploymentPostprocessing = 0;
		};
/* End PBXSourcesBuildPhase section */

/* Begin XCBuildConfiguration section */
		9F7FAD6A29535CAC00CB1C7B /* Debug */ = {
			isa = XCBuildConfiguration;
			buildSettings = {
				ALWAYS_SEARCH_USER_PATHS = NO;
				CLANG_ANALYZER_NONNULL = YES;
				CLANG_ANALYZER_NUMBER_OBJECT_CONVERSION = YES_AGGRESSIVE;
				CLANG_CXX_LANGUAGE_STANDARD = "gnu++20";
				CLANG_ENABLE_MODULES = YES;
				CLANG_ENABLE_OBJC_ARC = YES;
				CLANG_ENABLE_OBJC_WEAK = YES;
				CLANG_WARN_BLOCK_CAPTURE_AUTORELEASING = YES;
				CLANG_WARN_BOOL_CONVERSION = YES;
				CLANG_WARN_COMMA = YES;
				CLANG_WARN_CONSTANT_CONVERSION = YES;
				CLANG_WARN_DEPRECATED_OBJC_IMPLEMENTATIONS = YES;
				CLANG_WARN_DIRECT_OBJC_ISA_USAGE = YES_ERROR;
				CLANG_WARN_DOCUMENTATION_COMMENTS = YES;
				CLANG_WARN_EMPTY_BODY = YES;
				CLANG_WARN_ENUM_CONVERSION = YES;
				CLANG_WARN_INFINITE_RECURSION = YES;
				CLANG_WARN_INT_CONVERSION = YES;
				CLANG_WARN_NON_LITERAL_NULL_CONVERSION = YES;
				CLANG_WARN_OBJC_IMPLICIT_RETAIN_SELF = YES;
				CLANG_WARN_OBJC_LITERAL_CONVERSION = YES;
				CLANG_WARN_OBJC_ROOT_CLASS = YES_ERROR;
				CLANG_WARN_QUOTED_INCLUDE_IN_FRAMEWORK_HEADER = YES;
				CLANG_WARN_RANGE_LOOP_ANALYSIS = YES;
				CLANG_WARN_STRICT_PROTOTYPES = YES;
				CLANG_WARN_SUSPICIOUS_MOVE = YES;
				CLANG_WARN_UNGUARDED_AVAILABILITY = YES_AGGRESSIVE;
				CLANG_WARN_UNREACHABLE_CODE = YES;
				CLANG_WARN__DUPLICATE_METHOD_MATCH = YES;
				COPY_PHASE_STRIP = NO;
				DEBUG_INFORMATION_FORMAT = dwarf;
				ENABLE_STRICT_OBJC_MSGSEND = YES;
				ENABLE_TESTABILITY = YES;
				GCC_C_LANGUAGE_STANDARD = gnu11;
				GCC_DYNAMIC_NO_PIC = NO;
				GCC_NO_COMMON_BLOCKS = YES;
				GCC_OPTIMIZATION_LEVEL = 0;
				GCC_PREPROCESSOR_DEFINITIONS = (
					"DEBUG=1",
					"$(inherited)",
				);
				GCC_WARN_64_TO_32_BIT_CONVERSION = YES;
				GCC_WARN_ABOUT_RETURN_TYPE = YES_ERROR;
				GCC_WARN_UNDECLARED_SELECTOR = YES;
				GCC_WARN_UNINITIALIZED_AUTOS = YES_AGGRESSIVE;
				GCC_WARN_UNUSED_FUNCTION = YES;
				GCC_WARN_UNUSED_VARIABLE = YES;
				IPHONEOS_DEPLOYMENT_TARGET = 16.0;
				MTL_ENABLE_DEBUG_INFO = INCLUDE_SOURCE;
				MTL_FAST_MATH = YES;
				ONLY_ACTIVE_ARCH = YES;
				SDKROOT = iphoneos;
				SWIFT_ACTIVE_COMPILATION_CONDITIONS = DEBUG;
				SWIFT_OPTIMIZATION_LEVEL = "-Onone";
			};
			name = Debug;
		};
		9F7FAD6B29535CAC00CB1C7B /* Release */ = {
			isa = XCBuildConfiguration;
			buildSettings = {
				ALWAYS_SEARCH_USER_PATHS = NO;
				CLANG_ANALYZER_NONNULL = YES;
				CLANG_ANALYZER_NUMBER_OBJECT_CONVERSION = YES_AGGRESSIVE;
				CLANG_CXX_LANGUAGE_STANDARD = "gnu++20";
				CLANG_ENABLE_MODULES = YES;
				CLANG_ENABLE_OBJC_ARC = YES;
				CLANG_ENABLE_OBJC_WEAK = YES;
				CLANG_WARN_BLOCK_CAPTURE_AUTORELEASING = YES;
				CLANG_WARN_BOOL_CONVERSION = YES;
				CLANG_WARN_COMMA = YES;
				CLANG_WARN_CONSTANT_CONVERSION = YES;
				CLANG_WARN_DEPRECATED_OBJC_IMPLEMENTATIONS = YES;
				CLANG_WARN_DIRECT_OBJC_ISA_USAGE = YES_ERROR;
				CLANG_WARN_DOCUMENTATION_COMMENTS = YES;
				CLANG_WARN_EMPTY_BODY = YES;
				CLANG_WARN_ENUM_CONVERSION = YES;
				CLANG_WARN_INFINITE_RECURSION = YES;
				CLANG_WARN_INT_CONVERSION = YES;
				CLANG_WARN_NON_LITERAL_NULL_CONVERSION = YES;
				CLANG_WARN_OBJC_IMPLICIT_RETAIN_SELF = YES;
				CLANG_WARN_OBJC_LITERAL_CONVERSION = YES;
				CLANG_WARN_OBJC_ROOT_CLASS = YES_ERROR;
				CLANG_WARN_QUOTED_INCLUDE_IN_FRAMEWORK_HEADER = YES;
				CLANG_WARN_RANGE_LOOP_ANALYSIS = YES;
				CLANG_WARN_STRICT_PROTOTYPES = YES;
				CLANG_WARN_SUSPICIOUS_MOVE = YES;
				CLANG_WARN_UNGUARDED_AVAILABILITY = YES_AGGRESSIVE;
				CLANG_WARN_UNREACHABLE_CODE = YES;
				CLANG_WARN__DUPLICATE_METHOD_MATCH = YES;
				COPY_PHASE_STRIP = NO;
				DEBUG_INFORMATION_FORMAT = "dwarf-with-dsym";
				ENABLE_NS_ASSERTIONS = NO;
				ENABLE_STRICT_OBJC_MSGSEND = YES;
				GCC_C_LANGUAGE_STANDARD = gnu11;
				GCC_NO_COMMON_BLOCKS = YES;
				GCC_WARN_64_TO_32_BIT_CONVERSION = YES;
				GCC_WARN_ABOUT_RETURN_TYPE = YES_ERROR;
				GCC_WARN_UNDECLARED_SELECTOR = YES;
				GCC_WARN_UNINITIALIZED_AUTOS = YES_AGGRESSIVE;
				GCC_WARN_UNUSED_FUNCTION = YES;
				GCC_WARN_UNUSED_VARIABLE = YES;
				IPHONEOS_DEPLOYMENT_TARGET = 16.0;
				MTL_ENABLE_DEBUG_INFO = NO;
				MTL_FAST_MATH = YES;
				SDKROOT = iphoneos;
				SWIFT_COMPILATION_MODE = wholemodule;
				SWIFT_OPTIMIZATION_LEVEL = "-O";
				VALIDATE_PRODUCT = YES;
			};
			name = Release;
		};
		9F7FAD6D29535CAC00CB1C7B /* Debug */ = {
			isa = XCBuildConfiguration;
			buildSettings = {
				ASSETCATALOG_COMPILER_APPICON_NAME = AppIcon;
				ASSETCATALOG_COMPILER_GLOBAL_ACCENT_COLOR_NAME = AccentColor;
				CODE_SIGN_STYLE = Automatic;
				CURRENT_PROJECT_VERSION = 1;
				DEVELOPMENT_ASSET_PATHS = "\"landmarks/Preview Content\"";
				ENABLE_PREVIEWS = YES;
				GENERATE_INFOPLIST_FILE = YES;
				INFOPLIST_KEY_UIApplicationSceneManifest_Generation = YES;
				INFOPLIST_KEY_UIApplicationSupportsIndirectInputEvents = YES;
				INFOPLIST_KEY_UILaunchScreen_Generation = YES;
				INFOPLIST_KEY_UISupportedInterfaceOrientations_iPad = "UIInterfaceOrientationPortrait UIInterfaceOrientationPortraitUpsideDown UIInterfaceOrientationLandscapeLeft UIInterfaceOrientationLandscapeRight";
				INFOPLIST_KEY_UISupportedInterfaceOrientations_iPhone = "UIInterfaceOrientationPortrait UIInterfaceOrientationLandscapeLeft UIInterfaceOrientationLandscapeRight";
				IPHONEOS_DEPLOYMENT_TARGET = 15.0;
				LD_RUNPATH_SEARCH_PATHS = (
					"$(inherited)",
					"@executable_path/Frameworks",
				);
				MARKETING_VERSION = 1.0;
				PRODUCT_BUNDLE_IDENTIFIER = self.landmarks;
				PRODUCT_NAME = "$(TARGET_NAME)";
				SWIFT_EMIT_LOC_STRINGS = YES;
				SWIFT_VERSION = 5.0;
				TARGETED_DEVICE_FAMILY = "1,2";
			};
			name = Debug;
		};
		9F7FAD6E29535CAC00CB1C7B /* Release */ = {
			isa = XCBuildConfiguration;
			buildSettings = {
				ASSETCATALOG_COMPILER_APPICON_NAME = AppIcon;
				ASSETCATALOG_COMPILER_GLOBAL_ACCENT_COLOR_NAME = AccentColor;
				CODE_SIGN_STYLE = Automatic;
				CURRENT_PROJECT_VERSION = 1;
				DEVELOPMENT_ASSET_PATHS = "\"landmarks/Preview Content\"";
				ENABLE_PREVIEWS = YES;
				GENERATE_INFOPLIST_FILE = YES;
				INFOPLIST_KEY_UIApplicationSceneManifest_Generation = YES;
				INFOPLIST_KEY_UIApplicationSupportsIndirectInputEvents = YES;
				INFOPLIST_KEY_UILaunchScreen_Generation = YES;
				INFOPLIST_KEY_UISupportedInterfaceOrientations_iPad = "UIInterfaceOrientationPortrait UIInterfaceOrientationPortraitUpsideDown UIInterfaceOrientationLandscapeLeft UIInterfaceOrientationLandscapeRight";
				INFOPLIST_KEY_UISupportedInterfaceOrientations_iPhone = "UIInterfaceOrientationPortrait UIInterfaceOrientationLandscapeLeft UIInterfaceOrientationLandscapeRight";
				IPHONEOS_DEPLOYMENT_TARGET = 15.0;
				LD_RUNPATH_SEARCH_PATHS = (
					"$(inherited)",
					"@executable_path/Frameworks",
				);
				MARKETING_VERSION = 1.0;
				PRODUCT_BUNDLE_IDENTIFIER = self.landmarks;
				PRODUCT_NAME = "$(TARGET_NAME)";
				SWIFT_EMIT_LOC_STRINGS = YES;
				SWIFT_VERSION = 5.0;
				TARGETED_DEVICE_FAMILY = "1,2";
			};
			name = Release;
		};
/* End XCBuildConfiguration section */

/* Begin XCConfigurationList section */
		9F7FAD5429535CAB00CB1C7B /* Build configuration list for PBXProject "landmarks" */ = {
			isa = XCConfigurationList;
			buildConfigurations = (
				9F7FAD6A29535CAC00CB1C7B /* Debug */,
				9F7FAD6B29535CAC00CB1C7B /* Release */,
			);
			defaultConfigurationIsVisible = 0;
			defaultConfigurationName = Release;
		};
		9F7FAD6C29535CAC00CB1C7B /* Build configuration list for PBXNativeTarget "landmarks" */ = {
			isa = XCConfigurationList;
			buildConfigurations = (
				9F7FAD6D29535CAC00CB1C7B /* Debug */,
				9F7FAD6E29535CAC00CB1C7B /* Release */,
			);
			defaultConfigurationIsVisible = 0;
			defaultConfigurationName = Release;
		};
/* End XCConfigurationList section */

/* Begin XCVersionGroup section */
		9F7FAD6729535CAC00CB1C7B /* landmarks.xcdatamodeld */ = {
			isa = XCVersionGroup;
			children = (
				9F7FAD6829535CAC00CB1C7B /* landmarks.xcdatamodel */,
			);
			currentVersion = 9F7FAD6829535CAC00CB1C7B /* landmarks.xcdatamodel */;
			path = landmarks.xcdatamodeld;
			sourceTree = "<group>";
			versionGroupType = wrapper.xcdatamodel;
		};
/* End XCVersionGroup section */
	};
	rootObject = 9F7FAD5129535CAB00CB1C7B /* Project object */;
}
